github.com/hypolas/hypolashlckhelpers v0.0.5 h1:lWdshbFp+hHybKnS6Btl2Acw1+A71kWcWLvjb8tWz1A=
github.com/hypolas/hypolashlckhelpers v0.0.5/go.mod h1:6AR+JEYUPNX0uumq2wuqUZtMvk/VnvqxDgKyQrqayZc=
github.com/hypolas/hypolaslogger v0.0.4 h1:vffdaov1HUWPjZZxNRr57nAxMirpnnpKDLN5h0pnIVU=
github.com/hypolas/hypolaslogger v0.0.4/go.mod h1:9o5WwO5O6FCj4nNYpxinDByLAM63jg1xR1IFdnYc7RU=
github.com/hypolas/hypolaslogger v0.0.7 h1:wr6zeKuwH2ctcYJKYP7ePwaJl74uj09bjOzhP0U56bA=
github.com/hypolas/hypolaslogger v0.0.7/go.mod h1:9o5WwO5O6FCj4nNYpxinDByLAM63jg1xR1IFdnYc7RU=
